{
  "version": 4,
  "terraform_version": "1.2.8",
  "serial": 40,
  "lineage": "9592c63a-55ef-5ae3-0636-54541a9b2945",
  "outputs": {
    "access_key": {
      "value": "YCAJE0uAC5NT4xw6fizqxktoa",
      "type": "string",
      "sensitive": true
    },
    "secret_key": {
      "value": "YCOb2Gu-v1wLwdi1yLWNubuIenuuKrbVZ3c3UI_2",
      "type": "string",
      "sensitive": true
    }
  },
  "resources": [
    {
      "mode": "managed",
      "type": "yandex_iam_service_account",
      "name": "s3",
      "provider": "provider[\"registry.terraform.io/yandex-cloud/yandex\"]",
      "instances": [
        {
          "schema_version": 0,
          "attributes": {
            "created_at": "2022-09-01T11:12:42Z",
            "description": "",
            "folder_id": "b1g9722vka0pph7vu29a",
            "id": "ajel248qt856kb82fpgt",
            "name": "s3-nicko-diploma",
            "timeouts": null
          },
          "sensitive_attributes": [],
          "private": "eyJlMmJmYjczMC1lY2FhLTExZTYtOGY4OC0zNDM2M2JjN2M0YzAiOnsiY3JlYXRlIjo2MDAwMDAwMDAwMCwiZGVsZXRlIjo2MDAwMDAwMDAwMCwidXBkYXRlIjo2MDAwMDAwMDAwMH19"
        }
      ]
    },
    {
      "mode": "managed",
      "type": "yandex_iam_service_account_static_access_key",
      "name": "sa-static-key",
      "provider": "provider[\"registry.terraform.io/yandex-cloud/yandex\"]",
      "instances": [
        {
          "schema_version": 0,
          "attributes": {
            "access_key": "YCAJE0uAC5NT4xw6fizqxktoa",
            "created_at": "2022-09-01T12:00:59Z",
            "description": "Static access key for object storage",
            "encrypted_secret_key": null,
            "id": "ajetq5i95q0k2c6peofi",
            "key_fingerprint": null,
            "pgp_key": null,
            "secret_key": "YCOb2Gu-v1wLwdi1yLWNubuIenuuKrbVZ3c3UI_2",
            "service_account_id": "ajel248qt856kb82fpgt"
          },
          "sensitive_attributes": [],
          "private": "bnVsbA==",
          "dependencies": [
            "yandex_iam_service_account.s3"
          ]
        }
      ]
    },
    {
      "mode": "managed",
      "type": "yandex_resourcemanager_folder_iam_member",
      "name": "sa-editor",
      "provider": "provider[\"registry.terraform.io/yandex-cloud/yandex\"]",
      "instances": [
        {
          "schema_version": 0,
          "attributes": {
            "folder_id": "b1g9722vka0pph7vu29a",
            "id": "b1g9722vka0pph7vu29a/storage.editor/serviceAccount:ajel248qt856kb82fpgt",
            "member": "serviceAccount:ajel248qt856kb82fpgt",
            "role": "storage.editor",
            "sleep_after": null
          },
          "sensitive_attributes": [],
          "private": "bnVsbA==",
          "dependencies": [
            "yandex_iam_service_account.s3"
          ]
        }
      ]
    },
    {
      "mode": "managed",
      "type": "yandex_storage_bucket",
      "name": "state-nicko-diploma",
      "provider": "provider[\"registry.terraform.io/yandex-cloud/yandex\"]",
      "instances": [
        {
          "schema_version": 0,
          "attributes": {
            "access_key": "YCAJE0uAC5NT4xw6fizqxktoa",
            "acl": "private",
            "anonymous_access_flags": [
              {
                "list": false,
                "read": false
              }
            ],
            "bucket": "tf-state-bucket-nicko-diploma",
            "bucket_domain_name": "tf-state-bucket-nicko-diploma.storage.yandexcloud.net",
            "bucket_prefix": null,
            "cors_rule": [],
            "default_storage_class": "STANDARD",
            "folder_id": "b1g9722vka0pph7vu29a",
            "force_destroy": false,
            "grant": [],
            "https": [],
            "id": "tf-state-bucket-nicko-diploma",
            "lifecycle_rule": [],
            "logging": [],
            "max_size": 0,
            "policy": "",
            "secret_key": "YCOb2Gu-v1wLwdi1yLWNubuIenuuKrbVZ3c3UI_2",
            "server_side_encryption_configuration": [],
            "versioning": [
              {
                "enabled": false
              }
            ],
            "website": [],
            "website_domain": null,
            "website_endpoint": null
          },
          "sensitive_attributes": [
            [
              {
                "type": "get_attr",
                "value": "secret_key"
              }
            ]
          ],
          "private": "bnVsbA==",
          "dependencies": [
            "yandex_iam_service_account.s3",
            "yandex_iam_service_account_static_access_key.sa-static-key"
          ]
        }
      ]
    }
  ]
}
